dependencies:
- name: postgresql
  repository: https://kubernetes-charts.storage.googleapis.com
  version: 0.15.0
- name: gcloud-sqlproxy
  repository: https://kubernetes-charts.storage.googleapis.com
  version: 0.4.0
digest: sha256:fde0bea02492d673ba1e68f20e0c8510a843c38c664ffd3ebb4e913128da3dfd
generated: 2018-07-24T14:08:35.548029021+08:00
