dependencies:
- name: postgresql
  repository: https://kubernetes-charts.storage.googleapis.com
  version: 0.15.0
- name: gcloud-sqlproxy
  repository: https://kubernetes-charts.storage.googleapis.com
  version: 0.4.0
- name: nginx-ingress
  repository: https://kubernetes-charts.storage.googleapis.com
  version: 0.23.0
- name: external-dns
  repository: https://kubernetes-charts.storage.googleapis.com
  version: 0.7.1
digest: sha256:3f4d77c9ed2c887cbeb793749de7103b5af00b3db3d8c1ef7e339da75e1cb1a8
generated: 2018-08-06T23:45:42.677077127+08:00
