dependencies:
- name: postgresql
  repository: https://kubernetes-charts.storage.googleapis.com
  version: 0.15.0
- name: gcloud-sqlproxy
  repository: https://kubernetes-charts.storage.googleapis.com
  version: 0.4.0
- name: nginx-ingress
  repository: https://kubernetes-charts.storage.googleapis.com
  version: 0.23.0
- name: external-dns
  repository: https://kubernetes-charts.storage.googleapis.com
  version: 0.7.1
- name: cert-manager
  repository: https://kubernetes-charts.storage.googleapis.com
  version: v0.4.0
digest: sha256:6c322f00026eef1e0fb763cd0a6664b26ab576a7588e250f019de93ba7cfb3a8
generated: 2018-08-06T23:32:22.923809498+08:00
